
Microsoft Visual Studio Solution File, Format Version 12.00
# Visual Studio 15
VisualStudioVersion = 15.0.28307.489
MinimumVisualStudioVersion = 10.0.40219.1
Project("{8BC9CEB8-8B4A-11D0-8D11-00A0C91BC942}") = "ConsoleApplication2", "ConsoleApplication2.vcxproj", "{84B41980-3A88-4279-A249-4D94E93066A6}"
EndProject
Global
	GlobalSection(SolutionConfigurationPlatforms) = preSolution
		Debug|x64 = Debug|x64
		Debug|x86 = Debug|x86
		Release|x64 = Release|x64
		Release|x86 = Release|x86
	EndGlobalSection
	GlobalSection(ProjectConfigurationPlatforms) = postSolution
		{84B41980-3A88-4279-A249-4D94E93066A6}.Debug|x64.ActiveCfg = Debug|x64
		{84B41980-3A88-4279-A249-4D94E93066A6}.Debug|x64.Build.0 = Debug|x64
		{84B41980-3A88-4279-A249-4D94E93066A6}.Debug|x86.ActiveCfg = Debug|Win32
		{84B41980-3A88-4279-A249-4D94E93066A6}.Debug|x86.Build.0 = Debug|Win32
		{84B41980-3A88-4279-A249-4D94E93066A6}.Release|x64.ActiveCfg = Release|x64
		{84B41980-3A88-4279-A249-4D94E93066A6}.Release|x64.Build.0 = Release|x64
		{84B41980-3A88-4279-A249-4D94E93066A6}.Release|x86.ActiveCfg = Release|Win32
		{84B41980-3A88-4279-A249-4D94E93066A6}.Release|x86.Build.0 = Release|Win32
	EndGlobalSection
	GlobalSection(SolutionProperties) = preSolution
		HideSolutionNode = FALSE
	EndGlobalSection
	GlobalSection(ExtensibilityGlobals) = postSolution
		SolutionGuid = {999207BE-77B8-4090-974B-E3ED1954A5F4}
	EndGlobalSection
EndGlobal
