
Microsoft Visual Studio Solution File, Format Version 12.00
# Visual Studio 15
VisualStudioVersion = 15.0.28307.489
MinimumVisualStudioVersion = 10.0.40219.1
Project("{8BC9CEB8-8B4A-11D0-8D11-00A0C91BC942}") = "ConsoleApplication2", "ConsoleApplication2.vcxproj", "{C7D43B78-651F-4A0D-A49D-C707676D197A}"
EndProject
Global
	GlobalSection(SolutionConfigurationPlatforms) = preSolution
		Debug|x64 = Debug|x64
		Debug|x86 = Debug|x86
		Release|x64 = Release|x64
		Release|x86 = Release|x86
	EndGlobalSection
	GlobalSection(ProjectConfigurationPlatforms) = postSolution
		{C7D43B78-651F-4A0D-A49D-C707676D197A}.Debug|x64.ActiveCfg = Debug|x64
		{C7D43B78-651F-4A0D-A49D-C707676D197A}.Debug|x64.Build.0 = Debug|x64
		{C7D43B78-651F-4A0D-A49D-C707676D197A}.Debug|x86.ActiveCfg = Debug|Win32
		{C7D43B78-651F-4A0D-A49D-C707676D197A}.Debug|x86.Build.0 = Debug|Win32
		{C7D43B78-651F-4A0D-A49D-C707676D197A}.Release|x64.ActiveCfg = Release|x64
		{C7D43B78-651F-4A0D-A49D-C707676D197A}.Release|x64.Build.0 = Release|x64
		{C7D43B78-651F-4A0D-A49D-C707676D197A}.Release|x86.ActiveCfg = Release|Win32
		{C7D43B78-651F-4A0D-A49D-C707676D197A}.Release|x86.Build.0 = Release|Win32
	EndGlobalSection
	GlobalSection(SolutionProperties) = preSolution
		HideSolutionNode = FALSE
	EndGlobalSection
	GlobalSection(ExtensibilityGlobals) = postSolution
		SolutionGuid = {E0B32757-D345-40B6-BB7F-5210C42EEA03}
	EndGlobalSection
EndGlobal
